
Microsoft Visual Studio Solution File, Format Version 12.00
# Visual Studio 15
VisualStudioVersion = 15.0.27428.2037
MinimumVisualStudioVersion = 10.0.40219.1
Project("{FAE04EC0-301F-11D3-BF4B-00C04F79EFBC}") = "SpielplanExtractor", "SpielplanExtractor\SpielplanExtractor.csproj", "{8B172454-A775-493F-B3F3-D2EC66281355}"
EndProject
Global
	GlobalSection(SolutionConfigurationPlatforms) = preSolution
		Debug|Any CPU = Debug|Any CPU
		Release|Any CPU = Release|Any CPU
	EndGlobalSection
	GlobalSection(ProjectConfigurationPlatforms) = postSolution
		{8B172454-A775-493F-B3F3-D2EC66281355}.Debug|Any CPU.ActiveCfg = Debug|Any CPU
		{8B172454-A775-493F-B3F3-D2EC66281355}.Debug|Any CPU.Build.0 = Debug|Any CPU
		{8B172454-A775-493F-B3F3-D2EC66281355}.Release|Any CPU.ActiveCfg = Release|Any CPU
		{8B172454-A775-493F-B3F3-D2EC66281355}.Release|Any CPU.Build.0 = Release|Any CPU
	EndGlobalSection
	GlobalSection(SolutionProperties) = preSolution
		HideSolutionNode = FALSE
	EndGlobalSection
	GlobalSection(ExtensibilityGlobals) = postSolution
		SolutionGuid = {30054241-443C-4EBD-BB8B-98B66BB68AE4}
	EndGlobalSection
EndGlobal
